
Microsoft Visual Studio Solution File, Format Version 12.00
# Visual Studio Version 17
VisualStudioVersion = 17.2.32210.308
MinimumVisualStudioVersion = 10.0.40219.1
Project("{FAE04EC0-301F-11D3-BF4B-00C04F79EFBC}") = "ArtlineAPI", "ArtlineAPI\ArtlineAPI.csproj", "{6AE33352-DEF0-4BC2-99CB-DB0CA01FE61E}"
EndProject
Global
	GlobalSection(SolutionConfigurationPlatforms) = preSolution
		Debug|Any CPU = Debug|Any CPU
		Release|Any CPU = Release|Any CPU
	EndGlobalSection
	GlobalSection(ProjectConfigurationPlatforms) = postSolution
		{6AE33352-DEF0-4BC2-99CB-DB0CA01FE61E}.Debug|Any CPU.ActiveCfg = Debug|Any CPU
		{6AE33352-DEF0-4BC2-99CB-DB0CA01FE61E}.Debug|Any CPU.Build.0 = Debug|Any CPU
		{6AE33352-DEF0-4BC2-99CB-DB0CA01FE61E}.Release|Any CPU.ActiveCfg = Release|Any CPU
		{6AE33352-DEF0-4BC2-99CB-DB0CA01FE61E}.Release|Any CPU.Build.0 = Release|Any CPU
	EndGlobalSection
	GlobalSection(SolutionProperties) = preSolution
		HideSolutionNode = FALSE
	EndGlobalSection
	GlobalSection(ExtensibilityGlobals) = postSolution
		SolutionGuid = {2CE88B97-D637-449A-BEAA-B7F1DD6FA718}
	EndGlobalSection
EndGlobal
